
Microsoft Visual Studio Solution File, Format Version 12.00
# Visual Studio Version 17
VisualStudioVersion = 17.7.34221.43
MinimumVisualStudioVersion = 10.0.40219.1
Project("{FAE04EC0-301F-11D3-BF4B-00C04F79EFBC}") = "SimpleApi", "SimpleApi\SimpleApi.csproj", "{0F526F9B-B9C4-467B-BE21-4F6846E4F429}"
EndProject
Global
	GlobalSection(SolutionConfigurationPlatforms) = preSolution
		Debug|Any CPU = Debug|Any CPU
		Release|Any CPU = Release|Any CPU
	EndGlobalSection
	GlobalSection(ProjectConfigurationPlatforms) = postSolution
		{0F526F9B-B9C4-467B-BE21-4F6846E4F429}.Debug|Any CPU.ActiveCfg = Debug|Any CPU
		{0F526F9B-B9C4-467B-BE21-4F6846E4F429}.Debug|Any CPU.Build.0 = Debug|Any CPU
		{0F526F9B-B9C4-467B-BE21-4F6846E4F429}.Release|Any CPU.ActiveCfg = Release|Any CPU
		{0F526F9B-B9C4-467B-BE21-4F6846E4F429}.Release|Any CPU.Build.0 = Release|Any CPU
	EndGlobalSection
	GlobalSection(SolutionProperties) = preSolution
		HideSolutionNode = FALSE
	EndGlobalSection
	GlobalSection(ExtensibilityGlobals) = postSolution
		SolutionGuid = {D6F69286-01E2-48F7-8787-FDD47EFC7775}
	EndGlobalSection
EndGlobal
